
Microsoft Visual Studio Solution File, Format Version 11.00
# Visual Studio 2010
Project("{FAE04EC0-301F-11D3-BF4B-00C04F79EFBC}") = "OpenGL", "OpenGL\OpenGL.csproj", "{263264D4-26AB-4DE0-9771-31BEDAA487BE}"
EndProject
Project("{FAE04EC0-301F-11D3-BF4B-00C04F79EFBC}") = "WinForms", "WinForms\WinForms.csproj", "{58D58E88-78E8-4F1E-9B6A-31D056BF8D13}"
EndProject
Global
	GlobalSection(SolutionConfigurationPlatforms) = preSolution
		Debug|x86 = Debug|x86
		Release|x86 = Release|x86
	EndGlobalSection
	GlobalSection(ProjectConfigurationPlatforms) = postSolution
		{263264D4-26AB-4DE0-9771-31BEDAA487BE}.Debug|x86.ActiveCfg = Debug|x86
		{263264D4-26AB-4DE0-9771-31BEDAA487BE}.Debug|x86.Build.0 = Debug|x86
		{263264D4-26AB-4DE0-9771-31BEDAA487BE}.Release|x86.ActiveCfg = Release|x86
		{263264D4-26AB-4DE0-9771-31BEDAA487BE}.Release|x86.Build.0 = Release|x86
		{58D58E88-78E8-4F1E-9B6A-31D056BF8D13}.Debug|x86.ActiveCfg = Debug|x86
		{58D58E88-78E8-4F1E-9B6A-31D056BF8D13}.Debug|x86.Build.0 = Debug|x86
		{58D58E88-78E8-4F1E-9B6A-31D056BF8D13}.Release|x86.ActiveCfg = Release|x86
		{58D58E88-78E8-4F1E-9B6A-31D056BF8D13}.Release|x86.Build.0 = Release|x86
	EndGlobalSection
	GlobalSection(MonoDevelopProperties) = preSolution
		StartupItem = OpenGL\OpenGL.csproj
	EndGlobalSection
EndGlobal
